
Microsoft Visual Studio Solution File, Format Version 12.00
# Visual Studio 15
VisualStudioVersion = 15.0.27703.2047
MinimumVisualStudioVersion = 10.0.40219.1
Project("{FAE04EC0-301F-11D3-BF4B-00C04F79EFBC}") = "POCWebApp", "POCWebApp\POCWebApp.csproj", "{DA5E864E-28E0-4829-8048-BC45229BECB6}"
EndProject
Global
	GlobalSection(SolutionConfigurationPlatforms) = preSolution
		Debug|Any CPU = Debug|Any CPU
		Release|Any CPU = Release|Any CPU
	EndGlobalSection
	GlobalSection(ProjectConfigurationPlatforms) = postSolution
		{DA5E864E-28E0-4829-8048-BC45229BECB6}.Debug|Any CPU.ActiveCfg = Debug|Any CPU
		{DA5E864E-28E0-4829-8048-BC45229BECB6}.Debug|Any CPU.Build.0 = Debug|Any CPU
		{DA5E864E-28E0-4829-8048-BC45229BECB6}.Release|Any CPU.ActiveCfg = Release|Any CPU
		{DA5E864E-28E0-4829-8048-BC45229BECB6}.Release|Any CPU.Build.0 = Release|Any CPU
	EndGlobalSection
	GlobalSection(SolutionProperties) = preSolution
		HideSolutionNode = FALSE
	EndGlobalSection
	GlobalSection(ExtensibilityGlobals) = postSolution
		SolutionGuid = {17EB8777-B5D6-41E2-9FCA-A774FAE27E16}
	EndGlobalSection
EndGlobal
